{
  "requires": true,
  "lockfileVersion": 1,
  "dependencies": {
    "cordova-plugin-googlemaps": {
      "version": "2.3.11",
      "resolved": "https://registry.npmjs.org/cordova-plugin-googlemaps/-/cordova-plugin-googlemaps-2.3.11.tgz",
      "integrity": "sha512-/xY00NO0X509FMdjzNuJB12OEDtpd7r0I3fCcXMyLWHEOw8wXaIBy+vaT3LJD3TwrErEIiaKboAEnsmplaJi+w=="
    }
  }
}
